<?xml version="1.0" encoding="utf-8"?>
<Project xmlns="http://schemas.microsoft.com/developer/msbuild/2003">
  <PropertyGroup>
    <ProjectGuid>{4f42d5b9-4185-4233-9988-97f71c5d98fc}</ProjectGuid>
    <Configuration Condition=" '$(Configuration)' == '' ">Debug</Configuration>
    <Platform Condition=" '$(Platform)' == '' ">AnyCPU</Platform>
    <DCC_DCCCompiler>DCC32</DCC_DCCCompiler>
    <DCC_DependencyCheckOutputName>..\..\Agentes_Windows_BINARIOS\mapacacic.exe</DCC_DependencyCheckOutputName>
    <MainSource>mapacacic.dpr</MainSource>
  </PropertyGroup>
  <PropertyGroup Condition=" '$(Configuration)|$(Platform)' == 'Release|AnyCPU' ">
    <Version>7.0</Version>
    <DCC_DebugInformation>False</DCC_DebugInformation>
    <DCC_LocalDebugSymbols>False</DCC_LocalDebugSymbols>
    <DCC_SymbolReferenceInfo>0</DCC_SymbolReferenceInfo>
    <DCC_Define>RELEASE</DCC_Define>
  </PropertyGroup>
  <PropertyGroup Condition=" '$(Configuration)|$(Platform)' == 'Debug|AnyCPU' ">
    <Version>7.0</Version>
    <DCC_Define>DEBUG</DCC_Define>
    <DCC_ExeOutput>C:\devel\cacic\Agentes_Windows_BINARIOS</DCC_ExeOutput>
  </PropertyGroup>
  <ProjectExtensions>
    <Borland.Personality>Delphi.Personality</Borland.Personality>
    <Borland.ProjectType />
    <BorlandProject>
<BorlandProject><Delphi.Personality><Parameters><Parameters Name="UseLauncher">False</Parameters><Parameters Name="LoadAllSymbols">True</Parameters><Parameters Name="LoadUnspecifiedSymbols">False</Parameters></Parameters><VersionInfo><VersionInfo Name="IncludeVerInfo">True</VersionInfo><VersionInfo Name="AutoIncBuild">False</VersionInfo><VersionInfo Name="MajorVer">2</VersionInfo><VersionInfo Name="MinorVer">8</VersionInfo><VersionInfo Name="Release">1</VersionInfo><VersionInfo Name="Build">5</VersionInfo><VersionInfo Name="Debug">True</VersionInfo><VersionInfo Name="PreRelease">False</VersionInfo><VersionInfo Name="Special">False</VersionInfo><VersionInfo Name="Private">False</VersionInfo><VersionInfo Name="DLL">False</VersionInfo><VersionInfo Name="Locale">1046</VersionInfo><VersionInfo Name="CodePage">1252</VersionInfo></VersionInfo><VersionInfoKeys><VersionInfoKeys Name="CompanyName">Dataprev - Emp. de TI da Prev Social - URES/SESS</VersionInfoKeys><VersionInfoKeys Name="FileDescription">Sistema CACIC - Módulo para Verificação e Instalação de Estrutura Básica do Sistema CACIC</VersionInfoKeys><VersionInfoKeys Name="FileVersion">2.8.1.5</VersionInfoKeys><VersionInfoKeys Name="InternalName"></VersionInfoKeys><VersionInfoKeys Name="LegalCopyright"></VersionInfoKeys><VersionInfoKeys Name="LegalTrademarks"></VersionInfoKeys><VersionInfoKeys Name="OriginalFilename"></VersionInfoKeys><VersionInfoKeys Name="ProductName"></VersionInfoKeys><VersionInfoKeys Name="ProductVersion">3.0</VersionInfoKeys><VersionInfoKeys Name="Comments">Licença: GNU/LGPL</VersionInfoKeys></VersionInfoKeys><Source><Source Name="MainSource">mapacacic.dpr</Source></Source></Delphi.Personality></BorlandProject></BorlandProject>
  </ProjectExtensions>
  <Import Project="$(MSBuildBinPath)\Borland.Delphi.Targets" />
  <ItemGroup>
    <DelphiCompile Include="mapacacic.dpr">
      <MainSource>MainSource</MainSource>
    </DelphiCompile>
    <DCCReference Include="..\CACIC_Comm.pas" />
    <DCCReference Include="..\CACIC_Library.pas" />
    <DCCReference Include="MapaTeste.pas">
      <Form>frmMapaCacic</Form>
    </DCCReference>
    <DCCReference Include="Source\asn1util.pas" />
    <DCCReference Include="Source\blcksock.pas" />
    <DCCReference Include="Source\cryptlib.pas" />
    <DCCReference Include="Source\ldapsend.pas" />
    <DCCReference Include="Source\ssl_openssl_lib.pas" />
    <DCCReference Include="Source\synachar.pas" />
    <DCCReference Include="Source\synacode.pas" />
    <DCCReference Include="Source\synafpc.pas" />
    <DCCReference Include="Source\synaicnv.pas" />
    <DCCReference Include="Source\synaip.pas" />
    <DCCReference Include="Source\synamisc.pas" />
    <DCCReference Include="Source\synaser.pas" />
    <DCCReference Include="Source\synautil.pas" />
    <DCCReference Include="Source\synsock.pas" />
  </ItemGroup>
</Project>